<?xml version="1.0" encoding="utf-8"?>
<Project ToolsVersion="16.0" xmlns="http://schemas.microsoft.com/developer/msbuild/2003">
  <ItemGroup>
    <CustomBuild Include="D:\mp2-lab7-AVLTree\include\CMakeLists.txt" />
  </ItemGroup>
  <ItemGroup>
    <None Include="D:\mp2-lab7-AVLTree\include\AVLTree.h">
      <Filter>Header Files</Filter>
    </None>
    <None Include="D:\mp2-lab7-AVLTree\include\Record.h">
      <Filter>Header Files</Filter>
    </None>
  </ItemGroup>
  <ItemGroup>
    <Filter Include="Header Files">
      <UniqueIdentifier>{A18C047B-F4D6-32CC-A181-A2619C7429D1}</UniqueIdentifier>
    </Filter>
  </ItemGroup>
</Project>
